
Microsoft Visual Studio Solution File, Format Version 12.00
# Visual Studio Version 17
VisualStudioVersion = 17.2.32519.379
MinimumVisualStudioVersion = 10.0.40219.1
Project("{FAE04EC0-301F-11D3-BF4B-00C04F79EFBC}") = "NZWalks.API", "NZWalks.API\NZWalks.API.csproj", "{42A73E3F-E9DA-45B7-B5CE-BC0054B76090}"
EndProject
Global
	GlobalSection(SolutionConfigurationPlatforms) = preSolution
		Debug|Any CPU = Debug|Any CPU
		Release|Any CPU = Release|Any CPU
	EndGlobalSection
	GlobalSection(ProjectConfigurationPlatforms) = postSolution
		{42A73E3F-E9DA-45B7-B5CE-BC0054B76090}.Debug|Any CPU.ActiveCfg = Debug|Any CPU
		{42A73E3F-E9DA-45B7-B5CE-BC0054B76090}.Debug|Any CPU.Build.0 = Debug|Any CPU
		{42A73E3F-E9DA-45B7-B5CE-BC0054B76090}.Release|Any CPU.ActiveCfg = Release|Any CPU
		{42A73E3F-E9DA-45B7-B5CE-BC0054B76090}.Release|Any CPU.Build.0 = Release|Any CPU
	EndGlobalSection
	GlobalSection(SolutionProperties) = preSolution
		HideSolutionNode = FALSE
	EndGlobalSection
	GlobalSection(ExtensibilityGlobals) = postSolution
		SolutionGuid = {46B46BBD-CBA8-4E83-B1EF-3A564B33C979}
	EndGlobalSection
EndGlobal
